
Microsoft Visual Studio Solution File, Format Version 12.00
# Visual Studio Version 17
VisualStudioVersion = 17.8.34330.188
MinimumVisualStudioVersion = 10.0.40219.1
Project("{FAE04EC0-301F-11D3-BF4B-00C04F79EFBC}") = "WFC", "WFC\WFC.csproj", "{78CDD2AF-16B7-4035-9F60-0AAD26A66B0F}"
EndProject
Global
	GlobalSection(SolutionConfigurationPlatforms) = preSolution
		Debug|Any CPU = Debug|Any CPU
		Release|Any CPU = Release|Any CPU
	EndGlobalSection
	GlobalSection(ProjectConfigurationPlatforms) = postSolution
		{78CDD2AF-16B7-4035-9F60-0AAD26A66B0F}.Debug|Any CPU.ActiveCfg = Debug|Any CPU
		{78CDD2AF-16B7-4035-9F60-0AAD26A66B0F}.Debug|Any CPU.Build.0 = Debug|Any CPU
		{78CDD2AF-16B7-4035-9F60-0AAD26A66B0F}.Release|Any CPU.ActiveCfg = Release|Any CPU
		{78CDD2AF-16B7-4035-9F60-0AAD26A66B0F}.Release|Any CPU.Build.0 = Release|Any CPU
	EndGlobalSection
	GlobalSection(SolutionProperties) = preSolution
		HideSolutionNode = FALSE
	EndGlobalSection
	GlobalSection(ExtensibilityGlobals) = postSolution
		SolutionGuid = {FBF3A184-9EC4-4BEB-AFFC-E6FEE38365C0}
	EndGlobalSection
EndGlobal
